
Microsoft Visual Studio Solution File, Format Version 11.00
# Visual Studio 2010
Project("{FAE04EC0-301F-11D3-BF4B-00C04F79EFBC}") = "FimCmActivityLibrary", "FimCmActivityLibrary.csproj", "{BD6FF768-962C-4F9F-8647-1924EE317B9A}"
EndProject
Global
	GlobalSection(TeamFoundationVersionControl) = preSolution
		SccNumberOfProjects = 2
		SccEnterpriseProvider = {4CA58AB2-18FA-4F8D-95D4-32DDF27D184C}
		SccTeamFoundationServer = https://tfs.codeplex.com/tfs/tfs14
		SccLocalPath0 = .
		SccProjectUniqueName1 = FimCmActivityLibrary.csproj
		SccLocalPath1 = .
	EndGlobalSection
	GlobalSection(SolutionConfigurationPlatforms) = preSolution
		Debug|Any CPU = Debug|Any CPU
		Release|Any CPU = Release|Any CPU
	EndGlobalSection
	GlobalSection(ProjectConfigurationPlatforms) = postSolution
		{BD6FF768-962C-4F9F-8647-1924EE317B9A}.Debug|Any CPU.ActiveCfg = Debug|Any CPU
		{BD6FF768-962C-4F9F-8647-1924EE317B9A}.Debug|Any CPU.Build.0 = Debug|Any CPU
		{BD6FF768-962C-4F9F-8647-1924EE317B9A}.Release|Any CPU.ActiveCfg = Release|Any CPU
		{BD6FF768-962C-4F9F-8647-1924EE317B9A}.Release|Any CPU.Build.0 = Release|Any CPU
	EndGlobalSection
	GlobalSection(SolutionProperties) = preSolution
		HideSolutionNode = FALSE
	EndGlobalSection
EndGlobal
